// !$*UTF8*$!
{
	archiveVersion = 1;
	classes = {
	};
	objectVersion = 50;
	objects = {

/* Begin PBXBuildFile section */
		0C16D7CB98DFBDF2F4719A4A /* Pods_Bokete.framework in Frameworks */ = {isa = PBXBuildFile; fileRef = F5B87AE777CC59352AC87909 /* Pods_Bokete.framework */; };
		FED94532234C9A8500322FB3 /* AppDelegate.swift in Sources */ = {isa = PBXBuildFile; fileRef = FED94531234C9A8500322FB3 /* AppDelegate.swift */; };
		FED94534234C9A8500322FB3 /* SceneDelegate.swift in Sources */ = {isa = PBXBuildFile; fileRef = FED94533234C9A8500322FB3 /* SceneDelegate.swift */; };
		FED94536234C9A8500322FB3 /* ViewController.swift in Sources */ = {isa = PBXBuildFile; fileRef = FED94535234C9A8500322FB3 /* ViewController.swift */; };
		FED94539234C9A8500322FB3 /* Main.storyboard in Resources */ = {isa = PBXBuildFile; fileRef = FED94537234C9A8500322FB3 /* Main.storyboard */; };
		FED9453B234C9A8800322FB3 /* Assets.xcassets in Resources */ = {isa = PBXBuildFile; fileRef = FED9453A234C9A8800322FB3 /* Assets.xcassets */; };
		FED9453E234C9A8800322FB3 /* LaunchScreen.storyboard in Resources */ = {isa = PBXBuildFile; fileRef = FED9453C234C9A8800322FB3 /* LaunchScreen.storyboard */; };
/* End PBXBuildFile section */

/* Begin PBXFileReference section */
		304F0E6BCDF27D1FF76EDEE1 /* Pods-Bokete.release.xcconfig */ = {isa = PBXFileReference; includeInIndex = 1; lastKnownFileType = text.xcconfig; name = "Pods-Bokete.release.xcconfig"; path = "Target Support Files/Pods-Bokete/Pods-Bokete.release.xcconfig"; sourceTree = "<group>"; };
		405B89C84883DAADA124CF0E /* Pods-Bokete.debug.xcconfig */ = {isa = PBXFileReference; includeInIndex = 1; lastKnownFileType = text.xcconfig; name = "Pods-Bokete.debug.xcconfig"; path = "Target Support Files/Pods-Bokete/Pods-Bokete.debug.xcconfig"; sourceTree = "<group>"; };
		F5B87AE777CC59352AC87909 /* Pods_Bokete.framework */ = {isa = PBXFileReference; explicitFileType = wrapper.framework; includeInIndex = 0; path = Pods_Bokete.framework; sourceTree = BUILT_PRODUCTS_DIR; };
		FED9452E234C9A8500322FB3 /* Bokete.app */ = {isa = PBXFileReference; explicitFileType = wrapper.application; includeInIndex = 0; path = Bokete.app; sourceTree = BUILT_PRODUCTS_DIR; };
		FED94531234C9A8500322FB3 /* AppDelegate.swift */ = {isa = PBXFileReference; lastKnownFileType = sourcecode.swift; path = AppDelegate.swift; sourceTree = "<group>"; };
		FED94533234C9A8500322FB3 /* SceneDelegate.swift */ = {isa = PBXFileReference; lastKnownFileType = sourcecode.swift; path = SceneDelegate.swift; sourceTree = "<group>"; };
		FED94535234C9A8500322FB3 /* ViewController.swift */ = {isa = PBXFileReference; lastKnownFileType = sourcecode.swift; path = ViewController.swift; sourceTree = "<group>"; };
		FED94538234C9A8500322FB3 /* Base */ = {isa = PBXFileReference; lastKnownFileType = file.storyboard; name = Base; path = Base.lproj/Main.storyboard; sourceTree = "<group>"; };
		FED9453A234C9A8800322FB3 /* Assets.xcassets */ = {isa = PBXFileReference; lastKnownFileType = folder.assetcatalog; path = Assets.xcassets; sourceTree = "<group>"; };
		FED9453D234C9A8800322FB3 /* Base */ = {isa = PBXFileReference; lastKnownFileType = file.storyboard; name = Base; path = Base.lproj/LaunchScreen.storyboard; sourceTree = "<group>"; };
		FED9453F234C9A8800322FB3 /* Info.plist */ = {isa = PBXFileReference; lastKnownFileType = text.plist.xml; path = Info.plist; sourceTree = "<group>"; };
/* End PBXFileReference section */

/* Begin PBXFrameworksBuildPhase section */
		FED9452B234C9A8500322FB3 /* Frameworks */ = {
			isa = PBXFrameworksBuildPhase;
			buildActionMask = 2147483647;
			files = (
				0C16D7CB98DFBDF2F4719A4A /* Pods_Bokete.framework in Frameworks */,
			);
			runOnlyForDeploymentPostprocessing = 0;
		};
/* End PBXFrameworksBuildPhase section */

/* Begin PBXGroup section */
		178D1607F8F7E9B20830CD4C /* Frameworks */ = {
			isa = PBXGroup;
			children = (
				F5B87AE777CC59352AC87909 /* Pods_Bokete.framework */,
			);
			name = Frameworks;
			sourceTree = "<group>";
		};
		255FA4FBEAB9750484AA8DAB /* Pods */ = {
			isa = PBXGroup;
			children = (
				405B89C84883DAADA124CF0E /* Pods-Bokete.debug.xcconfig */,
				304F0E6BCDF27D1FF76EDEE1 /* Pods-Bokete.release.xcconfig */,
			);
			name = Pods;
			path = Pods;
			sourceTree = "<group>";
		};
		FED94525234C9A8500322FB3 = {
			isa = PBXGroup;
			children = (
				FED94530234C9A8500322FB3 /* Bokete */,
				FED9452F234C9A8500322FB3 /* Products */,
				255FA4FBEAB9750484AA8DAB /* Pods */,
				178D1607F8F7E9B20830CD4C /* Frameworks */,
			);
			sourceTree = "<group>";
		};
		FED9452F234C9A8500322FB3 /* Products */ = {
			isa = PBXGroup;
			children = (
				FED9452E234C9A8500322FB3 /* Bokete.app */,
			);
			name = Products;
			sourceTree = "<group>";
		};
		FED94530234C9A8500322FB3 /* Bokete */ = {
			isa = PBXGroup;
			children = (
				FED94531234C9A8500322FB3 /* AppDelegate.swift */,
				FED94533234C9A8500322FB3 /* SceneDelegate.swift */,
				FED94535234C9A8500322FB3 /* ViewController.swift */,
				FED94537234C9A8500322FB3 /* Main.storyboard */,
				FED9453A234C9A8800322FB3 /* Assets.xcassets */,
				FED9453C234C9A8800322FB3 /* LaunchScreen.storyboard */,
				FED9453F234C9A8800322FB3 /* Info.plist */,
			);
			path = Bokete;
			sourceTree = "<group>";
		};
/* End PBXGroup section */

/* Begin PBXNativeTarget section */
		FED9452D234C9A8500322FB3 /* Bokete */ = {
			isa = PBXNativeTarget;
			buildConfigurationList = FED94542234C9A8800322FB3 /* Build configuration list for PBXNativeTarget "Bokete" */;
			buildPhases = (
				E8E463402547274591BB99F7 /* [CP] Check Pods Manifest.lock */,
				FED9452A234C9A8500322FB3 /* Sources */,
				FED9452B234C9A8500322FB3 /* Frameworks */,
				FED9452C234C9A8500322FB3 /* Resources */,
				91128F43ABF0EB1C495B9332 /* [CP] Embed Pods Frameworks */,
			);
			buildRules = (
			);
			dependencies = (
			);
			name = Bokete;
			productName = Bokete;
			productReference = FED9452E234C9A8500322FB3 /* Bokete.app */;
			productType = "com.apple.product-type.application";
		};
/* End PBXNativeTarget section */

/* Begin PBXProject section */
		FED94526234C9A8500322FB3 /* Project object */ = {
			isa = PBXProject;
			attributes = {
				LastSwiftUpdateCheck = 1110;
				LastUpgradeCheck = 1110;
				ORGANIZATIONNAME = "Tsuyoshi Nagasaka";
				TargetAttributes = {
					FED9452D234C9A8500322FB3 = {
						CreatedOnToolsVersion = 11.1;
					};
				};
			};
			buildConfigurationList = FED94529234C9A8500322FB3 /* Build configuration list for PBXProject "Bokete" */;
			compatibilityVersion = "Xcode 9.3";
			developmentRegion = en;
			hasScannedForEncodings = 0;
			knownRegions = (
				en,
				Base,
			);
			mainGroup = FED94525234C9A8500322FB3;
			productRefGroup = FED9452F234C9A8500322FB3 /* Products */;
			projectDirPath = "";
			projectRoot = "";
			targets = (
				FED9452D234C9A8500322FB3 /* Bokete */,
			);
		};
/* End PBXProject section */

/* Begin PBXResourcesBuildPhase section */
		FED9452C234C9A8500322FB3 /* Resources */ = {
			isa = PBXResourcesBuildPhase;
			buildActionMask = 2147483647;
			files = (
				FED9453E234C9A8800322FB3 /* LaunchScreen.storyboard in Resources */,
				FED9453B234C9A8800322FB3 /* Assets.xcassets in Resources */,
				FED94539234C9A8500322FB3 /* Main.storyboard in Resources */,
			);
			runOnlyForDeploymentPostprocessing = 0;
		};
/* End PBXResourcesBuildPhase section */

/* Begin PBXShellScriptBuildPhase section */
		91128F43ABF0EB1C495B9332 /* [CP] Embed Pods Frameworks */ = {
			isa = PBXShellScriptBuildPhase;
			buildActionMask = 2147483647;
			files = (
			);
			inputFileListPaths = (
				"${PODS_ROOT}/Target Support Files/Pods-Bokete/Pods-Bokete-frameworks-${CONFIGURATION}-input-files.xcfilelist",
			);
			name = "[CP] Embed Pods Frameworks";
			outputFileListPaths = (
				"${PODS_ROOT}/Target Support Files/Pods-Bokete/Pods-Bokete-frameworks-${CONFIGURATION}-output-files.xcfilelist",
			);
			runOnlyForDeploymentPostprocessing = 0;
			shellPath = /bin/sh;
			shellScript = "\"${PODS_ROOT}/Target Support Files/Pods-Bokete/Pods-Bokete-frameworks.sh\"\n";
			showEnvVarsInLog = 0;
		};
		E8E463402547274591BB99F7 /* [CP] Check Pods Manifest.lock */ = {
			isa = PBXShellScriptBuildPhase;
			buildActionMask = 2147483647;
			files = (
			);
			inputFileListPaths = (
			);
			inputPaths = (
				"${PODS_PODFILE_DIR_PATH}/Podfile.lock",
				"${PODS_ROOT}/Manifest.lock",
			);
			name = "[CP] Check Pods Manifest.lock";
			outputFileListPaths = (
			);
			outputPaths = (
				"$(DERIVED_FILE_DIR)/Pods-Bokete-checkManifestLockResult.txt",
			);
			runOnlyForDeploymentPostprocessing = 0;
			shellPath = /bin/sh;
			shellScript = "diff \"${PODS_PODFILE_DIR_PATH}/Podfile.lock\" \"${PODS_ROOT}/Manifest.lock\" > /dev/null\nif [ $? != 0 ] ; then\n    # print error to STDERR\n    echo \"error: The sandbox is not in sync with the Podfile.lock. Run 'pod install' or update your CocoaPods installation.\" >&2\n    exit 1\nfi\n# This output is used by Xcode 'outputs' to avoid re-running this script phase.\necho \"SUCCESS\" > \"${SCRIPT_OUTPUT_FILE_0}\"\n";
			showEnvVarsInLog = 0;
		};
/* End PBXShellScriptBuildPhase section */

/* Begin PBXSourcesBuildPhase section */
		FED9452A234C9A8500322FB3 /* Sources */ = {
			isa = PBXSourcesBuildPhase;
			buildActionMask = 2147483647;
			files = (
				FED94536234C9A8500322FB3 /* ViewController.swift in Sources */,
				FED94532234C9A8500322FB3 /* AppDelegate.swift in Sources */,
				FED94534234C9A8500322FB3 /* SceneDelegate.swift in Sources */,
			);
			runOnlyForDeploymentPostprocessing = 0;
		};
/* End PBXSourcesBuildPhase section */

/* Begin PBXVariantGroup section */
		FED94537234C9A8500322FB3 /* Main.storyboard */ = {
			isa = PBXVariantGroup;
			children = (
				FED94538234C9A8500322FB3 /* Base */,
			);
			name = Main.storyboard;
			sourceTree = "<group>";
		};
		FED9453C234C9A8800322FB3 /* LaunchScreen.storyboard */ = {
			isa = PBXVariantGroup;
			children = (
				FED9453D234C9A8800322FB3 /* Base */,
			);
			name = LaunchScreen.storyboard;
			sourceTree = "<group>";
		};
/* End PBXVariantGroup section */

/* Begin XCBuildConfiguration section */
		FED94540234C9A8800322FB3 /* Debug */ = {
			isa = XCBuildConfiguration;
			buildSettings = {
				ALWAYS_SEARCH_USER_PATHS = NO;
				CLANG_ANALYZER_NONNULL = YES;
				CLANG_ANALYZER_NUMBER_OBJECT_CONVERSION = YES_AGGRESSIVE;
				CLANG_CXX_LANGUAGE_STANDARD = "gnu++14";
				CLANG_CXX_LIBRARY = "libc++";
				CLANG_ENABLE_MODULES = YES;
				CLANG_ENABLE_OBJC_ARC = YES;
				CLANG_ENABLE_OBJC_WEAK = YES;
				CLANG_WARN_BLOCK_CAPTURE_AUTORELEASING = YES;
				CLANG_WARN_BOOL_CONVERSION = YES;
				CLANG_WARN_COMMA = YES;
				CLANG_WARN_CONSTANT_CONVERSION = YES;
				CLANG_WARN_DEPRECATED_OBJC_IMPLEMENTATIONS = YES;
				CLANG_WARN_DIRECT_OBJC_ISA_USAGE = YES_ERROR;
				CLANG_WARN_DOCUMENTATION_COMMENTS = YES;
				CLANG_WARN_EMPTY_BODY = YES;
				CLANG_WARN_ENUM_CONVERSION = YES;
				CLANG_WARN_INFINITE_RECURSION = YES;
				CLANG_WARN_INT_CONVERSION = YES;
				CLANG_WARN_NON_LITERAL_NULL_CONVERSION = YES;
				CLANG_WARN_OBJC_IMPLICIT_RETAIN_SELF = YES;
				CLANG_WARN_OBJC_LITERAL_CONVERSION = YES;
				CLANG_WARN_OBJC_ROOT_CLASS = YES_ERROR;
				CLANG_WARN_RANGE_LOOP_ANALYSIS = YES;
				CLANG_WARN_STRICT_PROTOTYPES = YES;
				CLANG_WARN_SUSPICIOUS_MOVE = YES;
				CLANG_WARN_UNGUARDED_AVAILABILITY = YES_AGGRESSIVE;
				CLANG_WARN_UNREACHABLE_CODE = YES;
				CLANG_WARN__DUPLICATE_METHOD_MATCH = YES;
				COPY_PHASE_STRIP = NO;
				DEBUG_INFORMATION_FORMAT = dwarf;
				ENABLE_STRICT_OBJC_MSGSEND = YES;
				ENABLE_TESTABILITY = YES;
				GCC_C_LANGUAGE_STANDARD = gnu11;
				GCC_DYNAMIC_NO_PIC = NO;
				GCC_NO_COMMON_BLOCKS = YES;
				GCC_OPTIMIZATION_LEVEL = 0;
				GCC_PREPROCESSOR_DEFINITIONS = (
					"DEBUG=1",
					"$(inherited)",
				);
				GCC_WARN_64_TO_32_BIT_CONVERSION = YES;
				GCC_WARN_ABOUT_RETURN_TYPE = YES_ERROR;
				GCC_WARN_UNDECLARED_SELECTOR = YES;
				GCC_WARN_UNINITIALIZED_AUTOS = YES_AGGRESSIVE;
				GCC_WARN_UNUSED_FUNCTION = YES;
				GCC_WARN_UNUSED_VARIABLE = YES;
				IPHONEOS_DEPLOYMENT_TARGET = 13.1;
				MTL_ENABLE_DEBUG_INFO = INCLUDE_SOURCE;
				MTL_FAST_MATH = YES;
				ONLY_ACTIVE_ARCH = YES;
				SDKROOT = iphoneos;
				SWIFT_ACTIVE_COMPILATION_CONDITIONS = DEBUG;
				SWIFT_OPTIMIZATION_LEVEL = "-Onone";
			};
			name = Debug;
		};
		FED94541234C9A8800322FB3 /* Release */ = {
			isa = XCBuildConfiguration;
			buildSettings = {
				ALWAYS_SEARCH_USER_PATHS = NO;
				CLANG_ANALYZER_NONNULL = YES;
				CLANG_ANALYZER_NUMBER_OBJECT_CONVERSION = YES_AGGRESSIVE;
				CLANG_CXX_LANGUAGE_STANDARD = "gnu++14";
				CLANG_CXX_LIBRARY = "libc++";
				CLANG_ENABLE_MODULES = YES;
				CLANG_ENABLE_OBJC_ARC = YES;
				CLANG_ENABLE_OBJC_WEAK = YES;
				CLANG_WARN_BLOCK_CAPTURE_AUTORELEASING = YES;
				CLANG_WARN_BOOL_CONVERSION = YES;
				CLANG_WARN_COMMA = YES;
				CLANG_WARN_CONSTANT_CONVERSION = YES;
				CLANG_WARN_DEPRECATED_OBJC_IMPLEMENTATIONS = YES;
				CLANG_WARN_DIRECT_OBJC_ISA_USAGE = YES_ERROR;
				CLANG_WARN_DOCUMENTATION_COMMENTS = YES;
				CLANG_WARN_EMPTY_BODY = YES;
				CLANG_WARN_ENUM_CONVERSION = YES;
				CLANG_WARN_INFINITE_RECURSION = YES;
				CLANG_WARN_INT_CONVERSION = YES;
				CLANG_WARN_NON_LITERAL_NULL_CONVERSION = YES;
				CLANG_WARN_OBJC_IMPLICIT_RETAIN_SELF = YES;
				CLANG_WARN_OBJC_LITERAL_CONVERSION = YES;
				CLANG_WARN_OBJC_ROOT_CLASS = YES_ERROR;
				CLANG_WARN_RANGE_LOOP_ANALYSIS = YES;
				CLANG_WARN_STRICT_PROTOTYPES = YES;
				CLANG_WARN_SUSPICIOUS_MOVE = YES;
				CLANG_WARN_UNGUARDED_AVAILABILITY = YES_AGGRESSIVE;
				CLANG_WARN_UNREACHABLE_CODE = YES;
				CLANG_WARN__DUPLICATE_METHOD_MATCH = YES;
				COPY_PHASE_STRIP = NO;
				DEBUG_INFORMATION_FORMAT = "dwarf-with-dsym";
				ENABLE_NS_ASSERTIONS = NO;
				ENABLE_STRICT_OBJC_MSGSEND = YES;
				GCC_C_LANGUAGE_STANDARD = gnu11;
				GCC_NO_COMMON_BLOCKS = YES;
				GCC_WARN_64_TO_32_BIT_CONVERSION = YES;
				GCC_WARN_ABOUT_RETURN_TYPE = YES_ERROR;
				GCC_WARN_UNDECLARED_SELECTOR = YES;
				GCC_WARN_UNINITIALIZED_AUTOS = YES_AGGRESSIVE;
				GCC_WARN_UNUSED_FUNCTION = YES;
				GCC_WARN_UNUSED_VARIABLE = YES;
				IPHONEOS_DEPLOYMENT_TARGET = 13.1;
				MTL_ENABLE_DEBUG_INFO = NO;
				MTL_FAST_MATH = YES;
				SDKROOT = iphoneos;
				SWIFT_COMPILATION_MODE = wholemodule;
				SWIFT_OPTIMIZATION_LEVEL = "-O";
				VALIDATE_PRODUCT = YES;
			};
			name = Release;
		};
		FED94543234C9A8800322FB3 /* Debug */ = {
			isa = XCBuildConfiguration;
			baseConfigurationReference = 405B89C84883DAADA124CF0E /* Pods-Bokete.debug.xcconfig */;
			buildSettings = {
				ASSETCATALOG_COMPILER_APPICON_NAME = AppIcon;
				CODE_SIGN_STYLE = Automatic;
				DEVELOPMENT_TEAM = XWS6CUHRBX;
				INFOPLIST_FILE = Bokete/Info.plist;
				LD_RUNPATH_SEARCH_PATHS = (
					"$(inherited)",
					"@executable_path/Frameworks",
				);
				PRODUCT_BUNDLE_IDENTIFIER = com.gmail.nagasaka244.514.Bokete;
				PRODUCT_NAME = "$(TARGET_NAME)";
				SWIFT_VERSION = 5.0;
				TARGETED_DEVICE_FAMILY = "1,2";
			};
			name = Debug;
		};
		FED94544234C9A8800322FB3 /* Release */ = {
			isa = XCBuildConfiguration;
			baseConfigurationReference = 304F0E6BCDF27D1FF76EDEE1 /* Pods-Bokete.release.xcconfig */;
			buildSettings = {
				ASSETCATALOG_COMPILER_APPICON_NAME = AppIcon;
				CODE_SIGN_STYLE = Automatic;
				DEVELOPMENT_TEAM = XWS6CUHRBX;
				INFOPLIST_FILE = Bokete/Info.plist;
				LD_RUNPATH_SEARCH_PATHS = (
					"$(inherited)",
					"@executable_path/Frameworks",
				);
				PRODUCT_BUNDLE_IDENTIFIER = com.gmail.nagasaka244.514.Bokete;
				PRODUCT_NAME = "$(TARGET_NAME)";
				SWIFT_VERSION = 5.0;
				TARGETED_DEVICE_FAMILY = "1,2";
			};
			name = Release;
		};
/* End XCBuildConfiguration section */

/* Begin XCConfigurationList section */
		FED94529234C9A8500322FB3 /* Build configuration list for PBXProject "Bokete" */ = {
			isa = XCConfigurationList;
			buildConfigurations = (
				FED94540234C9A8800322FB3 /* Debug */,
				FED94541234C9A8800322FB3 /* Release */,
			);
			defaultConfigurationIsVisible = 0;
			defaultConfigurationName = Release;
		};
		FED94542234C9A8800322FB3 /* Build configuration list for PBXNativeTarget "Bokete" */ = {
			isa = XCConfigurationList;
			buildConfigurations = (
				FED94543234C9A8800322FB3 /* Debug */,
				FED94544234C9A8800322FB3 /* Release */,
			);
			defaultConfigurationIsVisible = 0;
			defaultConfigurationName = Release;
		};
/* End XCConfigurationList section */
	};
	rootObject = FED94526234C9A8500322FB3 /* Project object */;
}
